
Microsoft Visual Studio Solution File, Format Version 12.00
# Visual Studio Version 17
VisualStudioVersion = 17.13.36105.23 d17.13
MinimumVisualStudioVersion = 10.0.40219.1
Project("{FAE04EC0-301F-11D3-BF4B-00C04F79EFBC}") = "CarFix", "CarFix\CarFix.csproj", "{CBCC8123-4BAB-4159-8A3F-764361D385D0}"
EndProject
Global
	GlobalSection(SolutionConfigurationPlatforms) = preSolution
		Debug|Any CPU = Debug|Any CPU
		Release|Any CPU = Release|Any CPU
	EndGlobalSection
	GlobalSection(ProjectConfigurationPlatforms) = postSolution
		{CBCC8123-4BAB-4159-8A3F-764361D385D0}.Debug|Any CPU.ActiveCfg = Debug|Any CPU
		{CBCC8123-4BAB-4159-8A3F-764361D385D0}.Debug|Any CPU.Build.0 = Debug|Any CPU
		{CBCC8123-4BAB-4159-8A3F-764361D385D0}.Release|Any CPU.ActiveCfg = Release|Any CPU
		{CBCC8123-4BAB-4159-8A3F-764361D385D0}.Release|Any CPU.Build.0 = Release|Any CPU
	EndGlobalSection
	GlobalSection(SolutionProperties) = preSolution
		HideSolutionNode = FALSE
	EndGlobalSection
	GlobalSection(ExtensibilityGlobals) = postSolution
		SolutionGuid = {A6A8FBEC-91FB-4A0B-A619-65CA84739773}
	EndGlobalSection
EndGlobal
